{
  "version": 4,
  "terraform_version": "1.12.6",
  "serial": 20,
  "lineage": "c29082b3-ac34-2a3a-fb5c-ee8c9f80d77b",
  "outputs": {
    "cluster_name": {
      "value": "duncarbox",
      "type": "string"
    },
    "registry_internal_address": {
      "value": "duncarbox-registry:5000",
      "type": "string"
    },
    "registry_push_address": {
      "value": "localhost:5000",
      "type": "string"
    }
  },
  "resources": [
    {
      "mode": "data",
      "type": "kustomization_overlay",
      "name": "duncarbox",
      "provider": "provider[\"registry.opentofu.org/kbst/kustomization\"]",
      "instances": [
        {
          "schema_version": 0,
          "attributes": {
            "common_annotations": null,
            "common_labels": null,
            "components": null,
            "config_map_generator": null,
            "crds": null,
            "generator_options": null,
            "generators": null,
            "helm_charts": null,
            "helm_globals": null,
            "id": "a3f51cd5f63d34861d4dbed7dce38abdb895940f83882ecce5567812606a6e451a49e12fe913586ba40f3b44a930d496ef3907765b86a76780a1df87363d006e",
            "ids": [
              "_/ConfigMap/duncarbox/backend-config-4tc58mt8bd",
              "_/Namespace/_/duncarbox",
              "_/PersistentVolumeClaim/duncarbox/postgres-data",
              "_/Secret/duncarbox/db-credentials-hgbcg9hdt6",
              "_/Service/duncarbox/backend",
              "_/Service/duncarbox/db",
              "_/Service/duncarbox/frontend",
              "apps/Deployment/duncarbox/backend",
              "apps/Deployment/duncarbox/frontend",
              "apps/StatefulSet/duncarbox/db",
              "networking.k8s.io/Ingress/duncarbox/duncarbox"
            ],
            "ids_prio": [
              [
                "_/Namespace/_/duncarbox"
              ],
              [
                "_/ConfigMap/duncarbox/backend-config-4tc58mt8bd",
                "_/PersistentVolumeClaim/duncarbox/postgres-data",
                "_/Secret/duncarbox/db-credentials-hgbcg9hdt6",
                "_/Service/duncarbox/backend",
                "_/Service/duncarbox/db",
                "_/Service/duncarbox/frontend",
                "apps/Deployment/duncarbox/backend",
                "apps/Deployment/duncarbox/frontend",
                "apps/StatefulSet/duncarbox/db",
                "networking.k8s.io/Ingress/duncarbox/duncarbox"
              ],
              []
            ],
            "images": [
              {
                "digest": "",
                "name": "duncarbox-backend",
                "new_name": "duncarbox-registry:5000/duncarbox-backend",
                "new_tag": "a3f4821-20260912004723"
              },
              {
                "digest": "",
                "name": "duncarbox-frontend",
                "new_name": "duncarbox-registry:5000/duncarbox-frontend",
                "new_tag": "a3f4821-20260912004723"
              }
            ],
            "kustomize_options": null,
            "labels": null,
            "manifests": {
              "_/ConfigMap/duncarbox/backend-config-4tc58mt8bd": "{\"apiVersion\":\"v1\",\"data\":{\"DUNCARBOX_CORS_ORIGINS\":\"\",\"DUNCARBOX_DATABASE_URL\":\"postgresql://db:5432\",\"DUNCARBOX_DEMO_DIR\":\"/app/demo\"},\"kind\":\"ConfigMap\",\"metadata\":{\"name\":\"backend-config-4tc58mt8bd\",\"namespace\":\"duncarbox\"}}",
              "_/Namespace/_/duncarbox": "{\"apiVersion\":\"v1\",\"kind\":\"Namespace\",\"metadata\":{\"name\":\"duncarbox\"}}",
              "_/PersistentVolumeClaim/duncarbox/postgres-data": "{\"apiVersion\":\"v1\",\"kind\":\"PersistentVolumeClaim\",\"metadata\":{\"name\":\"postgres-data\",\"namespace\":\"duncarbox\"},\"spec\":{\"accessModes\":[\"ReadWriteOnce\"],\"resources\":{\"requests\":{\"storage\":\"10Gi\"}},\"storageClassName\":\"local-path\"}}",
              "_/Secret/duncarbox/db-credentials-hgbcg9hdt6": "{\"apiVersion\":\"v1\",\"data\":{\"POSTGRES_DB\":\"ZHVuY2FyYm94\",\"POSTGRES_PASSWORD\":\"cDAkZ3JlJHBAJCQ=\",\"POSTGRES_USER\":\"ZHVuY2FyYm94\"},\"kind\":\"Secret\",\"metadata\":{\"name\":\"db-credentials-hgbcg9hdt6\",\"namespace\":\"duncarbox\"},\"type\":\"Opaque\"}",
              "_/Service/duncarbox/backend": "{\"apiVersion\":\"v1\",\"kind\":\"Service\",\"metadata\":{\"name\":\"backend\",\"namespace\":\"duncarbox\"},\"spec\":{\"ports\":[{\"name\":\"http\",\"port\":8000,\"targetPort\":\"http\"}],\"selector\":{\"app.kubernetes.io/name\":\"backend\"}}}",
              "_/Service/duncarbox/db": "{\"apiVersion\":\"v1\",\"kind\":\"Service\",\"metadata\":{\"name\":\"db\",\"namespace\":\"duncarbox\"},\"spec\":{\"ports\":[{\"name\":\"postgres\",\"port\":5432,\"targetPort\":\"postgres\"}],\"selector\":{\"app.kubernetes.io/name\":\"db\"}}}",
              "_/Service/duncarbox/frontend": "{\"apiVersion\":\"v1\",\"kind\":\"Service\",\"metadata\":{\"name\":\"frontend\",\"namespace\":\"duncarbox\"},\"spec\":{\"ports\":[{\"name\":\"http\",\"port\":80,\"targetPort\":\"http\"}],\"selector\":{\"app.kubernetes.io/name\":\"frontend\"}}}",
              "apps/Deployment/duncarbox/backend": "{\"apiVersion\":\"apps/v1\",\"kind\":\"Deployment\",\"metadata\":{\"name\":\"backend\",\"namespace\":\"duncarbox\"},\"spec\":{\"replicas\":1,\"selector\":{\"matchLabels\":{\"app.kubernetes.io/name\":\"backend\"}},\"template\":{\"metadata\":{\"labels\":{\"app.kubernetes.io/name\":\"backend\"}},\"spec\":{\"containers\":[{\"env\":[{\"name\":\"PGUSER\",\"valueFrom\":{\"secretKeyRef\":{\"key\":\"POSTGRES_USER\",\"name\":\"db-credentials-hgbcg9hdt6\"}}},{\"name\":\"PGPASSWORD\",\"valueFrom\":{\"secretKeyRef\":{\"key\":\"POSTGRES_PASSWORD\",\"name\":\"db-credentials-hgbcg9hdt6\"}}},{\"name\":\"PGDATABASE\",\"valueFrom\":{\"secretKeyRef\":{\"key\":\"POSTGRES_DB\",\"name\":\"db-credentials-hgbcg9hdt6\"}}}],\"envFrom\":[{\"configMapRef\":{\"name\":\"backend-config-4tc58mt8bd\"}}],\"image\":\"duncarbox-registry:5000/duncarbox-backend:a3f4821-20260912004723\",\"livenessProbe\":{\"periodSeconds\":10,\"tcpSocket\":{\"port\":\"http\"}},\"name\":\"backend\",\"ports\":[{\"containerPort\":8000,\"name\":\"http\"}],\"readinessProbe\":{\"httpGet\":{\"path\":\"/api/v1/health\",\"port\":\"http\"},\"periodSeconds\":10,\"timeoutSeconds\":3},\"resources\":{\"limits\":{\"memory\":\"1Gi\"},\"requests\":{\"cpu\":\"100m\",\"memory\":\"128Mi\"}},\"startupProbe\":{\"failureThreshold\":60,\"httpGet\":{\"path\":\"/api/v1/health\",\"port\":\"http\"},\"periodSeconds\":5,\"timeoutSeconds\":3}}],\"initContainers\":[{\"command\":[\"sh\",\"-ec\",\"until pg_isready -h db -p 5432 -U \\\"$POSTGRES_USER\\\" -d \\\"$POSTGRES_DB\\\"; do sleep 2; done\"],\"envFrom\":[{\"secretRef\":{\"name\":\"db-credentials-hgbcg9hdt6\"}}],\"image\":\"postgres:17-alpine\",\"name\":\"wait-for-db\",\"resources\":{\"limits\":{\"memory\":\"128Mi\"},\"requests\":{\"cpu\":\"25m\",\"memory\":\"32Mi\"}}}]}}}}",
              "apps/Deployment/duncarbox/frontend": "{\"apiVersion\":\"apps/v1\",\"kind\":\"Deployment\",\"metadata\":{\"name\":\"frontend\",\"namespace\":\"duncarbox\"},\"spec\":{\"replicas\":1,\"selector\":{\"matchLabels\":{\"app.kubernetes.io/name\":\"frontend\"}},\"template\":{\"metadata\":{\"labels\":{\"app.kubernetes.io/name\":\"frontend\"}},\"spec\":{\"containers\":[{\"image\":\"duncarbox-registry:5000/duncarbox-frontend:a3f4821-20260912004723\",\"livenessProbe\":{\"httpGet\":{\"path\":\"/\",\"port\":\"http\"},\"periodSeconds\":10},\"name\":\"frontend\",\"ports\":[{\"containerPort\":80,\"name\":\"http\"}],\"readinessProbe\":{\"httpGet\":{\"path\":\"/\",\"port\":\"http\"},\"periodSeconds\":10},\"resources\":{\"limits\":{\"memory\":\"128Mi\"},\"requests\":{\"cpu\":\"25m\",\"memory\":\"32Mi\"}},\"startupProbe\":{\"failureThreshold\":30,\"httpGet\":{\"path\":\"/\",\"port\":\"http\"},\"periodSeconds\":5}}]}}}}",
              "apps/StatefulSet/duncarbox/db": "{\"apiVersion\":\"apps/v1\",\"kind\":\"StatefulSet\",\"metadata\":{\"name\":\"db\",\"namespace\":\"duncarbox\"},\"spec\":{\"replicas\":1,\"selector\":{\"matchLabels\":{\"app.kubernetes.io/name\":\"db\"}},\"serviceName\":\"db\",\"template\":{\"metadata\":{\"labels\":{\"app.kubernetes.io/name\":\"db\"}},\"spec\":{\"containers\":[{\"env\":[{\"name\":\"PGDATA\",\"value\":\"/var/lib/postgresql/data/pgdata\"}],\"envFrom\":[{\"secretRef\":{\"name\":\"db-credentials-hgbcg9hdt6\"}}],\"image\":\"postgres:17-alpine\",\"livenessProbe\":{\"exec\":{\"command\":[\"sh\",\"-ec\",\"pg_isready -h 127.0.0.1 -U \\\"$POSTGRES_USER\\\" -d \\\"$POSTGRES_DB\\\"\"]},\"periodSeconds\":10,\"timeoutSeconds\":5},\"name\":\"db\",\"ports\":[{\"containerPort\":5432,\"name\":\"postgres\"}],\"readinessProbe\":{\"exec\":{\"command\":[\"sh\",\"-ec\",\"pg_isready -h 127.0.0.1 -U \\\"$POSTGRES_USER\\\" -d \\\"$POSTGRES_DB\\\"\"]},\"periodSeconds\":5,\"timeoutSeconds\":5},\"resources\":{\"limits\":{\"memory\":\"512Mi\"},\"requests\":{\"cpu\":\"100m\",\"memory\":\"128Mi\"}},\"startupProbe\":{\"exec\":{\"command\":[\"sh\",\"-ec\",\"pg_isready -h 127.0.0.1 -U \\\"$POSTGRES_USER\\\" -d \\\"$POSTGRES_DB\\\"\"]},\"failureThreshold\":60,\"periodSeconds\":5,\"timeoutSeconds\":5},\"volumeMounts\":[{\"mountPath\":\"/var/lib/postgresql/data\",\"name\":\"data\"}]}],\"volumes\":[{\"name\":\"data\",\"persistentVolumeClaim\":{\"claimName\":\"postgres-data\"}}]}}}}",
              "networking.k8s.io/Ingress/duncarbox/duncarbox": "{\"apiVersion\":\"networking.k8s.io/v1\",\"kind\":\"Ingress\",\"metadata\":{\"name\":\"duncarbox\",\"namespace\":\"duncarbox\"},\"spec\":{\"ingressClassName\":\"traefik\",\"rules\":[{\"http\":{\"paths\":[{\"backend\":{\"service\":{\"name\":\"frontend\",\"port\":{\"name\":\"http\"}}},\"path\":\"/\",\"pathType\":\"Prefix\"}]}}]}}"
            },
            "name_prefix": null,
            "name_suffix": null,
            "namespace": "duncarbox",
            "patches": null,
            "replacements": null,
            "replicas": null,
            "resources": [
              "./.tofu"
            ],
            "secret_generator": [
              {
                "behavior": "",
                "envs": [],
                "files": [],
                "literals": [
                  "POSTGRES_USER=duncarbox",
                  "POSTGRES_DB=duncarbox",
                  "POSTGRES_PASSWORD=p0$gre$p@$$"
                ],
                "name": "db-credentials",
                "namespace": "",
                "options": [],
                "type": "Opaque"
              }
            ],
            "transformers": null,
            "vars": null
          },
          "sensitive_attributes": [
            [
              {
                "type": "get_attr",
                "value": "secret_generator"
              },
              {
                "type": "index",
                "value": {
                  "value": 0,
                  "type": "number"
                }
              },
              {
                "type": "get_attr",
                "value": "literals"
              },
              {
                "type": "index",
                "value": {
                  "value": 2,
                  "type": "number"
                }
              }
            ]
          ]
        }
      ]
    },
    {
      "mode": "managed",
      "type": "k3d_cluster",
      "name": "main",
      "provider": "provider[\"registry.terraform.io/agynio/k3d\"]",
      "instances": [
        {
          "schema_version": 0,
          "attributes": {
            "agents": 2,
            "credentials": [
              {
                "client_certificate": "-----BEGIN CERTIFICATE-----\nMIIBkTCCATegAwIBAgIIa6mKCOugh7QwCgYIKoZIzj0EAwIwIzEhMB8GA1UEAwwY\nazNzLWNsaWVudC1jYUAxNzg5MTczNjQwMB4XDTI2MDkxMTIzNDA0MFoXDTI3MDkx\nMTIzNDA0MFowMDEXMBUGA1UEChMOc3lzdGVtOm1hc3RlcnMxFTATBgNVBAMTDHN5\nc3RlbTphZG1pbjBZMBMGByqGSM49AgEGCCqGSM49AwEHA0IABINWvS/tkuKDonTK\nhEnX69f5uot2ON0lQlyXQh783GEifiVcvGmrMNX7BSZdkoROWI+2Gq1raqFiof3M\nMWJF3k6jSDBGMA4GA1UdDwEB/wQEAwIFoDATBgNVHSUEDDAKBggrBgEFBQcDAjAf\nBgNVHSMEGDAWgBShbfJalsBM+4pCw9aox0B8qpZVWTAKBggqhkjOPQQDAgNIADBF\nAiBbGhcd95MTMcwBuyomAENqshWAcxOTXfqBhRw2FOU/nwIhANX1WVozOiUO2PKl\nEfIQX6vvZ0nzYRs3wVjnJMG6i47R\n-----END CERTIFICATE-----\n-----BEGIN CERTIFICATE-----\nMIIBeDCCAR2gAwIBAgIBADAKBggqhkjOPQQDAjAjMSEwHwYDVQQDDBhrM3MtY2xp\nZW50LWNhQDE3ODkxNzM2NDAwHhcNMjYwOTExMjM0MDQwWhcNMzYwOTA4MjM0MDQw\nWjAjMSEwHwYDVQQDDBhrM3MtY2xpZW50LWNhQDE3ODkxNzM2NDAwWTATBgcqhkjO\nPQIBBggqhkjOPQMBBwNCAAQQ+5fw9VjrlPHeXVJhferPLyz8OLNlaYRreWHG4azX\nl0KiOjKSO/0CNjcBt0OOx/FDrxhdY2dYxlC/wOPxHiUuo0IwQDAOBgNVHQ8BAf8E\nBAMCAqQwDwYDVR0TAQH/BAUwAwEB/zAdBgNVHQ4EFgQUoW3yWpbATPuKQsPWqMdA\nfKqWVVkwCgYIKoZIzj0EAwIDSQAwRgIhAJVehf12woq2zaw3WWP2wEla4INuKt5m\n17x96v6d79Y5AiEA7kxtpp8Ny3SWktlz545Eig2BSceVGHyrHE9m+/ksKN4=\n-----END CERTIFICATE-----\n",
                "client_key": "-----BEGIN EC PRIVATE KEY-----\nMHcCAQEEILRF4TvloH3f56c7SJnT4yiggI/pgYTdYRBgRqlExstioAoGCCqGSM49\nAwEHoUQDQgAEg1a9L+2S4oOidMqESdfr1/m6i3Y43SVCXJdCHvzcYSJ+JVy8aasw\n1fsFJl2ShE5Yj7YarWtqoWKh/cwxYkXeTg==\n-----END EC PRIVATE KEY-----\n",
                "cluster_ca_certificate": "-----BEGIN CERTIFICATE-----\nMIIBdzCCAR2gAwIBAgIBADAKBggqhkjOPQQDAjAjMSEwHwYDVQQDDBhrM3Mtc2Vy\ndmVyLWNhQDE3ODkxNzM2NDAwHhcNMjYwOTExMjM0MDQwWhcNMzYwOTA4MjM0MDQw\nWjAjMSEwHwYDVQQDDBhrM3Mtc2VydmVyLWNhQDE3ODkxNzM2NDAwWTATBgcqhkjO\nPQIBBggqhkjOPQMBBwNCAATwHOzIBjUkiSCYi72Au8VKtW1wrgUq/S0LKMncZ3XW\nAvz5JBXOQ8Fq41Hbkp56mLzTtUxo9Acihpi7Rtu30ah9o0IwQDAOBgNVHQ8BAf8E\nBAMCAqQwDwYDVR0TAQH/BAUwAwEB/zAdBgNVHQ4EFgQU3tB3IP5TUO0kHv3KZsOT\nAxe2O/8wCgYIKoZIzj0EAwIDSAAwRQIgFmZ6Gr0GCJDag2T81ktOrt33MUd9xgrw\nYoWdQ6VSm/ECIQDzlf7heRcfRyluYsIzXvTBnbSx+1tL/voodOiir/NjKw==\n-----END CERTIFICATE-----\n",
                "host": "https://127.0.0.1:6445",
                "raw": "apiVersion: v1\nclusters:\n- cluster:\n    certificate-authority-data: LS0tLS1CRUdJTiBDRVJUSUZJQ0FURS0tLS0tCk1JSUJkekNDQVIyZ0F3SUJBZ0lCQURBS0JnZ3Foa2pPUFFRREFqQWpNU0V3SHdZRFZRUUREQmhyTTNNdGMyVnkKZG1WeUxXTmhRREUzT0RreE56TTJOREF3SGhjTk1qWXdPVEV4TWpNME1EUXdXaGNOTXpZd09UQTRNak0wTURRdwpXakFqTVNFd0h3WURWUVFEREJock0zTXRjMlZ5ZG1WeUxXTmhRREUzT0RreE56TTJOREF3V1RBVEJnY3Foa2pPClBRSUJCZ2dxaGtqT1BRTUJCd05DQUFUd0hPeklCalVraVNDWWk3MkF1OFZLdFcxd3JnVXEvUzBMS01uY1ozWFcKQXZ6NUpCWE9ROEZxNDFIYmtwNTZtTHpUdFV4bzlBY2locGk3UnR1MzBhaDlvMEl3UURBT0JnTlZIUThCQWY4RQpCQU1DQXFRd0R3WURWUjBUQVFIL0JBVXdBd0VCL3pBZEJnTlZIUTRFRmdRVTN0QjNJUDVUVU8wa0h2M0tac09UCkF4ZTJPLzh3Q2dZSUtvWkl6ajBFQXdJRFNBQXdSUUlnRm1aNkdyMEdDSkRhZzJUODFrdE9ydDMzTVVkOXhncncKWW9XZFE2VlNtL0VDSVFEemxmN2hlUmNmUnlsdVlzSXpYdlRCbmJTeCsxdEwvdm9vZE9paXIvTmpLdz09Ci0tLS0tRU5EIENFUlRJRklDQVRFLS0tLS0K\n    server: https://127.0.0.1:6445\n  name: k3d-duncarbox\ncontexts:\n- context:\n    cluster: k3d-duncarbox\n    user: admin@k3d-duncarbox\n  name: k3d-duncarbox\ncurrent-context: k3d-duncarbox\nkind: Config\npreferences: {}\nusers:\n- name: admin@k3d-duncarbox\n  user:\n    client-certificate-data: LS0tLS1CRUdJTiBDRVJUSUZJQ0FURS0tLS0tCk1JSUJrVENDQVRlZ0F3SUJBZ0lJYTZtS0NPdWdoN1F3Q2dZSUtvWkl6ajBFQXdJd0l6RWhNQjhHQTFVRUF3d1kKYXpOekxXTnNhV1Z1ZEMxallVQXhOemc1TVRjek5qUXdNQjRYRFRJMk1Ea3hNVEl6TkRBME1Gb1hEVEkzTURreApNVEl6TkRBME1Gb3dNREVYTUJVR0ExVUVDaE1PYzNsemRHVnRPbTFoYzNSbGNuTXhGVEFUQmdOVkJBTVRESE41CmMzUmxiVHBoWkcxcGJqQlpNQk1HQnlxR1NNNDlBZ0VHQ0NxR1NNNDlBd0VIQTBJQUJJTld2Uy90a3VLRG9uVEsKaEVuWDY5ZjV1b3QyT04wbFFseVhRaDc4M0dFaWZpVmN2R21yTU5YN0JTWmRrb1JPV0krMkdxMXJhcUZpb2YzTQpNV0pGM2s2alNEQkdNQTRHQTFVZER3RUIvd1FFQXdJRm9EQVRCZ05WSFNVRUREQUtCZ2dyQmdFRkJRY0RBakFmCkJnTlZIU01FR0RBV2dCU2hiZkphbHNCTSs0cEN3OWFveDBCOHFwWlZXVEFLQmdncWhrak9QUVFEQWdOSUFEQkYKQWlCYkdoY2Q5NU1UTWN3QnV5b21BRU5xc2hXQWN4T1RYZnFCaFJ3MkZPVS9ud0loQU5YMVdWb3pPaVVPMlBLbApFZklRWDZ2dlowbnpZUnMzd1ZqbkpNRzZpNDdSCi0tLS0tRU5EIENFUlRJRklDQVRFLS0tLS0KLS0tLS1CRUdJTiBDRVJUSUZJQ0FURS0tLS0tCk1JSUJlRENDQVIyZ0F3SUJBZ0lCQURBS0JnZ3Foa2pPUFFRREFqQWpNU0V3SHdZRFZRUUREQmhyTTNNdFkyeHAKWlc1MExXTmhRREUzT0RreE56TTJOREF3SGhjTk1qWXdPVEV4TWpNME1EUXdXaGNOTXpZd09UQTRNak0wTURRdwpXakFqTVNFd0h3WURWUVFEREJock0zTXRZMnhwWlc1MExXTmhRREUzT0RreE56TTJOREF3V1RBVEJnY3Foa2pPClBRSUJCZ2dxaGtqT1BRTUJCd05DQUFRUSs1Znc5VmpybFBIZVhWSmhmZXJQTHl6OE9MTmxhWVJyZVdIRzRhelgKbDBLaU9qS1NPLzBDTmpjQnQwT094L0ZEcnhoZFkyZFl4bEMvd09QeEhpVXVvMEl3UURBT0JnTlZIUThCQWY4RQpCQU1DQXFRd0R3WURWUjBUQVFIL0JBVXdBd0VCL3pBZEJnTlZIUTRFRmdRVW9XM3lXcGJBVFB1S1FzUFdxTWRBCmZLcVdWVmt3Q2dZSUtvWkl6ajBFQXdJRFNRQXdSZ0loQUpWZWhmMTJ3b3EyemF3M1dXUDJ3RWxhNElOdUt0NW0KMTd4OTZ2NmQ3OVk1QWlFQTdreHRwcDhOeTNTV2t0bHo1NDVFaWcyQlNjZVZHSHlySEU5bSsva3NLTjQ9Ci0tLS0tRU5EIENFUlRJRklDQVRFLS0tLS0K\n    client-key-data: LS0tLS1CRUdJTiBFQyBQUklWQVRFIEtFWS0tLS0tCk1IY0NBUUVFSUxSRjRUdmxvSDNmNTZjN1NKblQ0eWlnZ0kvcGdZVGRZUkJnUnFsRXhzdGlvQW9HQ0NxR1NNNDkKQXdFSG9VUURRZ0FFZzFhOUwrMlM0b09pZE1xRVNkZnIxL202aTNZNDNTVkNYSmRDSHZ6Y1lTSitKVnk4YWFzdwoxZnNGSmwyU2hFNVlqN1lhcld0cW9XS2gvY3d4WWtYZVRnPT0KLS0tLS1FTkQgRUMgUFJJVkFURSBLRVktLS0tLQo=\n"
              }
            ],
            "env": [],
            "id": "duncarbox",
            "image": "docker.io/rancher/k3s:v1.36.4-k3s1",
            "k3d": [
              {
                "disable_image_volume": false,
                "disable_load_balancer": false
              }
            ],
            "k3s": [],
            "kube_api": [
              {
                "host": "",
                "host_ip": "127.0.0.1",
                "host_port": 6445
              }
            ],
            "kubeconfig": [
              {
                "switch_current_context": true,
                "update_default_kubeconfig": true
              }
            ],
            "label": [],
            "name": "duncarbox",
            "network": "k3d-duncarbox",
            "port": [
              {
                "container_port": 80,
                "host": "0.0.0.0",
                "host_port": 80,
                "node_filters": [
                  "loadbalancer"
                ],
                "protocol": ""
              },
              {
                "container_port": 443,
                "host": "0.0.0.0",
                "host_port": 443,
                "node_filters": [
                  "loadbalancer"
                ],
                "protocol": ""
              }
            ],
            "registries": [
              {
                "config": "",
                "create": [
                  {
                    "host": "",
                    "host_port": "5000",
                    "image": "",
                    "name": "duncarbox-registry"
                  }
                ],
                "use": []
              }
            ],
            "runtime": [],
            "servers": 1,
            "token": "nXBGxUgcsknYppyJjIkN",
            "volume": []
          },
          "sensitive_attributes": [
            [
              {
                "type": "get_attr",
                "value": "credentials"
              }
            ],
            [
              {
                "type": "get_attr",
                "value": "token"
              }
            ]
          ],
          "private": "bnVsbA=="
        }
      ]
    },
    {
      "mode": "managed",
      "type": "kustomization_resource",
      "name": "namespace",
      "provider": "provider[\"registry.opentofu.org/kbst/kustomization\"]",
      "instances": [
        {
          "index_key": "_/Namespace/_/duncarbox",
          "schema_version": 0,
          "attributes": {
            "id": "ccb568dc-d7fb-444d-ab7e-1eb786d0ebad",
            "manifest": "{\"apiVersion\":\"v1\",\"kind\":\"Namespace\",\"metadata\":{\"name\":\"duncarbox\"}}",
            "timeouts": null,
            "wait": false
          },
          "sensitive_attributes": [],
          "private": "eyJlMmJmYjczMC1lY2FhLTExZTYtOGY4OC0zNDM2M2JjN2M0YzAiOnsiY3JlYXRlIjozMDAwMDAwMDAwMDAsImRlbGV0ZSI6NjAwMDAwMDAwMDAwLCJ1cGRhdGUiOjMwMDAwMDAwMDAwMH0sInNjaGVtYV92ZXJzaW9uIjoiMCJ9",
          "dependencies": [
            "data.kustomization_overlay.duncarbox",
            "k3d_cluster.main"
          ]
        }
      ]
    },
    {
      "mode": "managed",
      "type": "kustomization_resource",
      "name": "resources",
      "provider": "provider[\"registry.opentofu.org/kbst/kustomization\"]",
      "instances": [
        {
          "index_key": "_/ConfigMap/duncarbox/backend-config-4tc58mt8bd",
          "schema_version": 0,
          "attributes": {
            "id": "83049180-360b-44b7-b863-8a5da5bafa7f",
            "manifest": "{\"apiVersion\":\"v1\",\"data\":{\"DUNCARBOX_CORS_ORIGINS\":\"\",\"DUNCARBOX_DATABASE_URL\":\"postgresql://db:5432\",\"DUNCARBOX_DEMO_DIR\":\"/app/demo\"},\"kind\":\"ConfigMap\",\"metadata\":{\"name\":\"backend-config-4tc58mt8bd\",\"namespace\":\"duncarbox\"}}",
            "timeouts": {
              "create": "10m",
              "delete": null,
              "update": "10m"
            },
            "wait": true
          },
          "sensitive_attributes": [
            [
              {
                "type": "get_attr",
                "value": "manifest"
              }
            ]
          ],
          "private": "eyJlMmJmYjczMC1lY2FhLTExZTYtOGY4OC0zNDM2M2JjN2M0YzAiOnsiY3JlYXRlIjo2MDAwMDAwMDAwMDAsImRlbGV0ZSI6NjAwMDAwMDAwMDAwLCJ1cGRhdGUiOjYwMDAwMDAwMDAwMH19",
          "dependencies": [
            "data.kustomization_overlay.duncarbox",
            "k3d_cluster.main",
            "kustomization_resource.namespace"
          ]
        },
        {
          "index_key": "_/PersistentVolumeClaim/duncarbox/postgres-data",
          "schema_version": 0,
          "attributes": {
            "id": "4b07380a-c536-4ad4-ba7c-11844f080a77",
            "manifest": "{\"apiVersion\":\"v1\",\"kind\":\"PersistentVolumeClaim\",\"metadata\":{\"name\":\"postgres-data\",\"namespace\":\"duncarbox\"},\"spec\":{\"accessModes\":[\"ReadWriteOnce\"],\"resources\":{\"requests\":{\"storage\":\"10Gi\"}},\"storageClassName\":\"local-path\"}}",
            "timeouts": {
              "create": "10m",
              "delete": null,
              "update": "10m"
            },
            "wait": true
          },
          "sensitive_attributes": [
            [
              {
                "type": "get_attr",
                "value": "manifest"
              }
            ]
          ],
          "private": "eyJlMmJmYjczMC1lY2FhLTExZTYtOGY4OC0zNDM2M2JjN2M0YzAiOnsiY3JlYXRlIjo2MDAwMDAwMDAwMDAsImRlbGV0ZSI6NjAwMDAwMDAwMDAwLCJ1cGRhdGUiOjYwMDAwMDAwMDAwMH19",
          "dependencies": [
            "data.kustomization_overlay.duncarbox",
            "k3d_cluster.main",
            "kustomization_resource.namespace"
          ]
        },
        {
          "index_key": "_/Secret/duncarbox/db-credentials-hgbcg9hdt6",
          "schema_version": 0,
          "attributes": {
            "id": "8c618c9d-b8a6-4758-b156-04b4ed34696a",
            "manifest": "{\"apiVersion\":\"v1\",\"data\":{\"POSTGRES_DB\":\"ZHVuY2FyYm94\",\"POSTGRES_PASSWORD\":\"cDAkZ3JlJHBAJCQ=\",\"POSTGRES_USER\":\"ZHVuY2FyYm94\"},\"kind\":\"Secret\",\"metadata\":{\"name\":\"db-credentials-hgbcg9hdt6\",\"namespace\":\"duncarbox\"},\"type\":\"Opaque\"}",
            "timeouts": {
              "create": "10m",
              "delete": null,
              "update": "10m"
            },
            "wait": true
          },
          "sensitive_attributes": [
            [
              {
                "type": "get_attr",
                "value": "manifest"
              }
            ]
          ],
          "private": "eyJlMmJmYjczMC1lY2FhLTExZTYtOGY4OC0zNDM2M2JjN2M0YzAiOnsiY3JlYXRlIjo2MDAwMDAwMDAwMDAsImRlbGV0ZSI6NjAwMDAwMDAwMDAwLCJ1cGRhdGUiOjYwMDAwMDAwMDAwMH19",
          "dependencies": [
            "data.kustomization_overlay.duncarbox",
            "k3d_cluster.main",
            "kustomization_resource.namespace"
          ]
        },
        {
          "index_key": "_/Service/duncarbox/backend",
          "schema_version": 0,
          "attributes": {
            "id": "8a4cbc54-498b-46de-b08d-405811bff1c5",
            "manifest": "{\"apiVersion\":\"v1\",\"kind\":\"Service\",\"metadata\":{\"name\":\"backend\",\"namespace\":\"duncarbox\"},\"spec\":{\"ports\":[{\"name\":\"http\",\"port\":8000,\"targetPort\":\"http\"}],\"selector\":{\"app.kubernetes.io/name\":\"backend\"}}}",
            "timeouts": {
              "create": "10m",
              "delete": null,
              "update": "10m"
            },
            "wait": true
          },
          "sensitive_attributes": [
            [
              {
                "type": "get_attr",
                "value": "manifest"
              }
            ]
          ],
          "private": "eyJlMmJmYjczMC1lY2FhLTExZTYtOGY4OC0zNDM2M2JjN2M0YzAiOnsiY3JlYXRlIjo2MDAwMDAwMDAwMDAsImRlbGV0ZSI6NjAwMDAwMDAwMDAwLCJ1cGRhdGUiOjYwMDAwMDAwMDAwMH19",
          "dependencies": [
            "data.kustomization_overlay.duncarbox",
            "k3d_cluster.main",
            "kustomization_resource.namespace"
          ]
        },
        {
          "index_key": "_/Service/duncarbox/db",
          "schema_version": 0,
          "attributes": {
            "id": "ddd974a3-0aff-41de-92be-3e2775a15c97",
            "manifest": "{\"apiVersion\":\"v1\",\"kind\":\"Service\",\"metadata\":{\"name\":\"db\",\"namespace\":\"duncarbox\"},\"spec\":{\"ports\":[{\"name\":\"postgres\",\"port\":5432,\"targetPort\":\"postgres\"}],\"selector\":{\"app.kubernetes.io/name\":\"db\"}}}",
            "timeouts": {
              "create": "10m",
              "delete": null,
              "update": "10m"
            },
            "wait": true
          },
          "sensitive_attributes": [
            [
              {
                "type": "get_attr",
                "value": "manifest"
              }
            ]
          ],
          "private": "eyJlMmJmYjczMC1lY2FhLTExZTYtOGY4OC0zNDM2M2JjN2M0YzAiOnsiY3JlYXRlIjo2MDAwMDAwMDAwMDAsImRlbGV0ZSI6NjAwMDAwMDAwMDAwLCJ1cGRhdGUiOjYwMDAwMDAwMDAwMH19",
          "dependencies": [
            "data.kustomization_overlay.duncarbox",
            "k3d_cluster.main",
            "kustomization_resource.namespace"
          ]
        },
        {
          "index_key": "_/Service/duncarbox/frontend",
          "schema_version": 0,
          "attributes": {
            "id": "df82908a-3c8c-40e9-9ece-220e68885a05",
            "manifest": "{\"apiVersion\":\"v1\",\"kind\":\"Service\",\"metadata\":{\"name\":\"frontend\",\"namespace\":\"duncarbox\"},\"spec\":{\"ports\":[{\"name\":\"http\",\"port\":80,\"targetPort\":\"http\"}],\"selector\":{\"app.kubernetes.io/name\":\"frontend\"}}}",
            "timeouts": {
              "create": "10m",
              "delete": null,
              "update": "10m"
            },
            "wait": true
          },
          "sensitive_attributes": [
            [
              {
                "type": "get_attr",
                "value": "manifest"
              }
            ]
          ],
          "private": "eyJlMmJmYjczMC1lY2FhLTExZTYtOGY4OC0zNDM2M2JjN2M0YzAiOnsiY3JlYXRlIjo2MDAwMDAwMDAwMDAsImRlbGV0ZSI6NjAwMDAwMDAwMDAwLCJ1cGRhdGUiOjYwMDAwMDAwMDAwMH19",
          "dependencies": [
            "data.kustomization_overlay.duncarbox",
            "k3d_cluster.main",
            "kustomization_resource.namespace"
          ]
        },
        {
          "index_key": "apps/Deployment/duncarbox/backend",
          "schema_version": 0,
          "attributes": {
            "id": "d33d1a89-c754-4239-ad09-db8d68c46b5e",
            "manifest": "{\"apiVersion\":\"apps/v1\",\"kind\":\"Deployment\",\"metadata\":{\"name\":\"backend\",\"namespace\":\"duncarbox\"},\"spec\":{\"replicas\":1,\"selector\":{\"matchLabels\":{\"app.kubernetes.io/name\":\"backend\"}},\"template\":{\"metadata\":{\"labels\":{\"app.kubernetes.io/name\":\"backend\"}},\"spec\":{\"containers\":[{\"env\":[{\"name\":\"PGUSER\",\"valueFrom\":{\"secretKeyRef\":{\"key\":\"POSTGRES_USER\",\"name\":\"db-credentials-hgbcg9hdt6\"}}},{\"name\":\"PGPASSWORD\",\"valueFrom\":{\"secretKeyRef\":{\"key\":\"POSTGRES_PASSWORD\",\"name\":\"db-credentials-hgbcg9hdt6\"}}},{\"name\":\"PGDATABASE\",\"valueFrom\":{\"secretKeyRef\":{\"key\":\"POSTGRES_DB\",\"name\":\"db-credentials-hgbcg9hdt6\"}}}],\"envFrom\":[{\"configMapRef\":{\"name\":\"backend-config-4tc58mt8bd\"}}],\"image\":\"duncarbox-registry:5000/duncarbox-backend:a3f4821-20260912004723\",\"livenessProbe\":{\"periodSeconds\":10,\"tcpSocket\":{\"port\":\"http\"}},\"name\":\"backend\",\"ports\":[{\"containerPort\":8000,\"name\":\"http\"}],\"readinessProbe\":{\"httpGet\":{\"path\":\"/api/v1/health\",\"port\":\"http\"},\"periodSeconds\":10,\"timeoutSeconds\":3},\"resources\":{\"limits\":{\"memory\":\"1Gi\"},\"requests\":{\"cpu\":\"100m\",\"memory\":\"128Mi\"}},\"startupProbe\":{\"failureThreshold\":60,\"httpGet\":{\"path\":\"/api/v1/health\",\"port\":\"http\"},\"periodSeconds\":5,\"timeoutSeconds\":3}}],\"initContainers\":[{\"command\":[\"sh\",\"-ec\",\"until pg_isready -h db -p 5432 -U \\\"$POSTGRES_USER\\\" -d \\\"$POSTGRES_DB\\\"; do sleep 2; done\"],\"envFrom\":[{\"secretRef\":{\"name\":\"db-credentials-hgbcg9hdt6\"}}],\"image\":\"postgres:17-alpine\",\"name\":\"wait-for-db\",\"resources\":{\"limits\":{\"memory\":\"128Mi\"},\"requests\":{\"cpu\":\"25m\",\"memory\":\"32Mi\"}}}]}}}}",
            "timeouts": {
              "create": "10m",
              "delete": null,
              "update": "10m"
            },
            "wait": true
          },
          "sensitive_attributes": [
            [
              {
                "type": "get_attr",
                "value": "manifest"
              }
            ]
          ],
          "private": "eyJlMmJmYjczMC1lY2FhLTExZTYtOGY4OC0zNDM2M2JjN2M0YzAiOnsiY3JlYXRlIjo2MDAwMDAwMDAwMDAsImRlbGV0ZSI6NjAwMDAwMDAwMDAwLCJ1cGRhdGUiOjYwMDAwMDAwMDAwMH19",
          "dependencies": [
            "data.kustomization_overlay.duncarbox",
            "k3d_cluster.main",
            "kustomization_resource.namespace"
          ]
        },
        {
          "index_key": "apps/Deployment/duncarbox/frontend",
          "schema_version": 0,
          "attributes": {
            "id": "5034708a-fa20-46db-9071-7e7dfd6d4a47",
            "manifest": "{\"apiVersion\":\"apps/v1\",\"kind\":\"Deployment\",\"metadata\":{\"name\":\"frontend\",\"namespace\":\"duncarbox\"},\"spec\":{\"replicas\":1,\"selector\":{\"matchLabels\":{\"app.kubernetes.io/name\":\"frontend\"}},\"template\":{\"metadata\":{\"labels\":{\"app.kubernetes.io/name\":\"frontend\"}},\"spec\":{\"containers\":[{\"image\":\"duncarbox-registry:5000/duncarbox-frontend:a3f4821-20260912004723\",\"livenessProbe\":{\"httpGet\":{\"path\":\"/\",\"port\":\"http\"},\"periodSeconds\":10},\"name\":\"frontend\",\"ports\":[{\"containerPort\":80,\"name\":\"http\"}],\"readinessProbe\":{\"httpGet\":{\"path\":\"/\",\"port\":\"http\"},\"periodSeconds\":10},\"resources\":{\"limits\":{\"memory\":\"128Mi\"},\"requests\":{\"cpu\":\"25m\",\"memory\":\"32Mi\"}},\"startupProbe\":{\"failureThreshold\":30,\"httpGet\":{\"path\":\"/\",\"port\":\"http\"},\"periodSeconds\":5}}]}}}}",
            "timeouts": {
              "create": "10m",
              "delete": null,
              "update": "10m"
            },
            "wait": true
          },
          "sensitive_attributes": [
            [
              {
                "type": "get_attr",
                "value": "manifest"
              }
            ]
          ],
          "private": "eyJlMmJmYjczMC1lY2FhLTExZTYtOGY4OC0zNDM2M2JjN2M0YzAiOnsiY3JlYXRlIjo2MDAwMDAwMDAwMDAsImRlbGV0ZSI6NjAwMDAwMDAwMDAwLCJ1cGRhdGUiOjYwMDAwMDAwMDAwMH19",
          "dependencies": [
            "data.kustomization_overlay.duncarbox",
            "k3d_cluster.main",
            "kustomization_resource.namespace"
          ]
        },
        {
          "index_key": "apps/StatefulSet/duncarbox/db",
          "schema_version": 0,
          "attributes": {
            "id": "ca497562-0eee-486f-92f5-7005fa29bfed",
            "manifest": "{\"apiVersion\":\"apps/v1\",\"kind\":\"StatefulSet\",\"metadata\":{\"name\":\"db\",\"namespace\":\"duncarbox\"},\"spec\":{\"replicas\":1,\"selector\":{\"matchLabels\":{\"app.kubernetes.io/name\":\"db\"}},\"serviceName\":\"db\",\"template\":{\"metadata\":{\"labels\":{\"app.kubernetes.io/name\":\"db\"}},\"spec\":{\"containers\":[{\"env\":[{\"name\":\"PGDATA\",\"value\":\"/var/lib/postgresql/data/pgdata\"}],\"envFrom\":[{\"secretRef\":{\"name\":\"db-credentials-hgbcg9hdt6\"}}],\"image\":\"postgres:17-alpine\",\"livenessProbe\":{\"exec\":{\"command\":[\"sh\",\"-ec\",\"pg_isready -h 127.0.0.1 -U \\\"$POSTGRES_USER\\\" -d \\\"$POSTGRES_DB\\\"\"]},\"periodSeconds\":10,\"timeoutSeconds\":5},\"name\":\"db\",\"ports\":[{\"containerPort\":5432,\"name\":\"postgres\"}],\"readinessProbe\":{\"exec\":{\"command\":[\"sh\",\"-ec\",\"pg_isready -h 127.0.0.1 -U \\\"$POSTGRES_USER\\\" -d \\\"$POSTGRES_DB\\\"\"]},\"periodSeconds\":5,\"timeoutSeconds\":5},\"resources\":{\"limits\":{\"memory\":\"512Mi\"},\"requests\":{\"cpu\":\"100m\",\"memory\":\"128Mi\"}},\"startupProbe\":{\"exec\":{\"command\":[\"sh\",\"-ec\",\"pg_isready -h 127.0.0.1 -U \\\"$POSTGRES_USER\\\" -d \\\"$POSTGRES_DB\\\"\"]},\"failureThreshold\":60,\"periodSeconds\":5,\"timeoutSeconds\":5},\"volumeMounts\":[{\"mountPath\":\"/var/lib/postgresql/data\",\"name\":\"data\"}]}],\"volumes\":[{\"name\":\"data\",\"persistentVolumeClaim\":{\"claimName\":\"postgres-data\"}}]}}}}",
            "timeouts": {
              "create": "10m",
              "delete": null,
              "update": "10m"
            },
            "wait": true
          },
          "sensitive_attributes": [
            [
              {
                "type": "get_attr",
                "value": "manifest"
              }
            ]
          ],
          "private": "eyJlMmJmYjczMC1lY2FhLTExZTYtOGY4OC0zNDM2M2JjN2M0YzAiOnsiY3JlYXRlIjo2MDAwMDAwMDAwMDAsImRlbGV0ZSI6NjAwMDAwMDAwMDAwLCJ1cGRhdGUiOjYwMDAwMDAwMDAwMH19",
          "dependencies": [
            "data.kustomization_overlay.duncarbox",
            "k3d_cluster.main",
            "kustomization_resource.namespace"
          ]
        },
        {
          "index_key": "networking.k8s.io/Ingress/duncarbox/duncarbox",
          "schema_version": 0,
          "attributes": {
            "id": "26bf53f0-518f-47a2-8e82-c97927f55e9e",
            "manifest": "{\"apiVersion\":\"networking.k8s.io/v1\",\"kind\":\"Ingress\",\"metadata\":{\"name\":\"duncarbox\",\"namespace\":\"duncarbox\"},\"spec\":{\"ingressClassName\":\"traefik\",\"rules\":[{\"http\":{\"paths\":[{\"backend\":{\"service\":{\"name\":\"frontend\",\"port\":{\"name\":\"http\"}}},\"path\":\"/\",\"pathType\":\"Prefix\"}]}}]}}",
            "timeouts": {
              "create": "10m",
              "delete": null,
              "update": "10m"
            },
            "wait": true
          },
          "sensitive_attributes": [
            [
              {
                "type": "get_attr",
                "value": "manifest"
              }
            ]
          ],
          "private": "eyJlMmJmYjczMC1lY2FhLTExZTYtOGY4OC0zNDM2M2JjN2M0YzAiOnsiY3JlYXRlIjo2MDAwMDAwMDAwMDAsImRlbGV0ZSI6NjAwMDAwMDAwMDAwLCJ1cGRhdGUiOjYwMDAwMDAwMDAwMH19",
          "dependencies": [
            "data.kustomization_overlay.duncarbox",
            "k3d_cluster.main",
            "kustomization_resource.namespace"
          ]
        }
      ]
    }
  ],
  "check_results": [
    {
      "object_kind": "var",
      "config_addr": "var.image_tag",
      "status": "pass",
      "objects": [
        {
          "object_addr": "var.image_tag",
          "status": "pass"
        }
      ]
    },
    {
      "object_kind": "var",
      "config_addr": "var.postgres_password",
      "status": "pass",
      "objects": [
        {
          "object_addr": "var.postgres_password",
          "status": "pass"
        }
      ]
    }
  ]
}

